
Microsoft Visual Studio Solution File, Format Version 12.00
# Visual Studio Version 17
VisualStudioVersion = 17.14.36603.0 d17.14
MinimumVisualStudioVersion = 10.0.40219.1
Project("{FAE04EC0-301F-11D3-BF4B-00C04F79EFBC}") = "App", "App\App.csproj", "{46FA7943-BC25-4D98-A607-E7997F30FA71}"
EndProject
Project("{2150E333-8FDC-42A3-9474-1A3956D46DE8}") = "Elementos de la solución", "Elementos de la solución", "{D107F4C8-89CC-BEA8-D3D7-CA6B7733353D}"
	ProjectSection(SolutionItems) = preProject
		ReadMe.md = ReadMe.md
	EndProjectSection
EndProject
Global
	GlobalSection(SolutionConfigurationPlatforms) = preSolution
		Debug|Any CPU = Debug|Any CPU
		Release|Any CPU = Release|Any CPU
	EndGlobalSection
	GlobalSection(ProjectConfigurationPlatforms) = postSolution
		{46FA7943-BC25-4D98-A607-E7997F30FA71}.Debug|Any CPU.ActiveCfg = Debug|Any CPU
		{46FA7943-BC25-4D98-A607-E7997F30FA71}.Debug|Any CPU.Build.0 = Debug|Any CPU
		{46FA7943-BC25-4D98-A607-E7997F30FA71}.Release|Any CPU.ActiveCfg = Release|Any CPU
		{46FA7943-BC25-4D98-A607-E7997F30FA71}.Release|Any CPU.Build.0 = Release|Any CPU
	EndGlobalSection
	GlobalSection(SolutionProperties) = preSolution
		HideSolutionNode = FALSE
	EndGlobalSection
	GlobalSection(ExtensibilityGlobals) = postSolution
		SolutionGuid = {27D30929-DA59-47FF-95C1-975B7F317FE2}
	EndGlobalSection
EndGlobal
